// !$*UTF8*$!
{
	archiveVersion = 1;
	classes = {
	};
	objectVersion = 46;
	objects = {

/* Begin PBXBuildFile section */
		1427481E1E556F7800C192B8 /* Timer.swift in Sources */ = {isa = PBXBuildFile; fileRef = 1427481D1E556F7800C192B8 /* Timer.swift */; };
		143A40AA1E4DFD160026A70D /* PickToDoViewController.swift in Sources */ = {isa = PBXBuildFile; fileRef = 143A40A91E4DFD160026A70D /* PickToDoViewController.swift */; };
		144CD1021E4DC57E00479D13 /* AppDelegate.swift in Sources */ = {isa = PBXBuildFile; fileRef = 144CD1011E4DC57E00479D13 /* AppDelegate.swift */; };
		144CD1071E4DC57E00479D13 /* Main.storyboard in Resources */ = {isa = PBXBuildFile; fileRef = 144CD1051E4DC57E00479D13 /* Main.storyboard */; };
		144CD1091E4DC57E00479D13 /* Assets.xcassets in Resources */ = {isa = PBXBuildFile; fileRef = 144CD1081E4DC57E00479D13 /* Assets.xcassets */; };
		144CD10C1E4DC57E00479D13 /* LaunchScreen.storyboard in Resources */ = {isa = PBXBuildFile; fileRef = 144CD10A1E4DC57E00479D13 /* LaunchScreen.storyboard */; };
		145CACFF1E5197F000B4014A /* ToDoDetailViewController.swift in Sources */ = {isa = PBXBuildFile; fileRef = 145CACFE1E5197F000B4014A /* ToDoDetailViewController.swift */; };
		1466DB361E54196B0036652A /* KDCircularProgress.swift in Sources */ = {isa = PBXBuildFile; fileRef = 1466DB351E54196B0036652A /* KDCircularProgress.swift */; };
		14C606BB1E4DE97F00FEB1CB /* NewToDoCreateViewController.swift in Sources */ = {isa = PBXBuildFile; fileRef = 14C606BA1E4DE97F00FEB1CB /* NewToDoCreateViewController.swift */; };
		14C606BD1E4DF20500FEB1CB /* ToDoListViewController.swift in Sources */ = {isa = PBXBuildFile; fileRef = 14C606BC1E4DF20500FEB1CB /* ToDoListViewController.swift */; };
		14C606BF1E4DF22000FEB1CB /* ToDoListViewCell.swift in Sources */ = {isa = PBXBuildFile; fileRef = 14C606BE1E4DF22000FEB1CB /* ToDoListViewCell.swift */; };
		14CA75841E4DC61E008D96D7 /* ToDo.swift in Sources */ = {isa = PBXBuildFile; fileRef = 14CA75831E4DC61E008D96D7 /* ToDo.swift */; };
		14CA75861E4DC631008D96D7 /* ToDoList.swift in Sources */ = {isa = PBXBuildFile; fileRef = 14CA75851E4DC631008D96D7 /* ToDoList.swift */; };
		5D17BA4EF94BCA4D5EB26DA6 /* Pods_RPlaner.framework in Frameworks */ = {isa = PBXBuildFile; fileRef = 87F418B57C35AD4D18C5F3A9 /* Pods_RPlaner.framework */; };
/* End PBXBuildFile section */

/* Begin PBXFileReference section */
		1427481D1E556F7800C192B8 /* Timer.swift */ = {isa = PBXFileReference; fileEncoding = 4; lastKnownFileType = sourcecode.swift; path = Timer.swift; sourceTree = "<group>"; };
		143A40A91E4DFD160026A70D /* PickToDoViewController.swift */ = {isa = PBXFileReference; fileEncoding = 4; lastKnownFileType = sourcecode.swift; name = PickToDoViewController.swift; path = RPlaner/PickToDoViewController.swift; sourceTree = "<group>"; };
		144CD0FE1E4DC57E00479D13 /* RPlaner.app */ = {isa = PBXFileReference; explicitFileType = wrapper.application; includeInIndex = 0; path = RPlaner.app; sourceTree = BUILT_PRODUCTS_DIR; };
		144CD1011E4DC57E00479D13 /* AppDelegate.swift */ = {isa = PBXFileReference; lastKnownFileType = sourcecode.swift; path = AppDelegate.swift; sourceTree = "<group>"; };
		144CD1061E4DC57E00479D13 /* Base */ = {isa = PBXFileReference; lastKnownFileType = file.storyboard; name = Base; path = Base.lproj/Main.storyboard; sourceTree = "<group>"; };
		144CD1081E4DC57E00479D13 /* Assets.xcassets */ = {isa = PBXFileReference; lastKnownFileType = folder.assetcatalog; name = Assets.xcassets; path = RPlaner/Assets.xcassets; sourceTree = "<group>"; };
		144CD10B1E4DC57E00479D13 /* Base */ = {isa = PBXFileReference; lastKnownFileType = file.storyboard; name = Base; path = Base.lproj/LaunchScreen.storyboard; sourceTree = "<group>"; };
		144CD10D1E4DC57E00479D13 /* Info.plist */ = {isa = PBXFileReference; lastKnownFileType = text.plist.xml; path = Info.plist; sourceTree = "<group>"; };
		145CACFE1E5197F000B4014A /* ToDoDetailViewController.swift */ = {isa = PBXFileReference; fileEncoding = 4; lastKnownFileType = sourcecode.swift; name = ToDoDetailViewController.swift; path = RPlaner/ToDoDetailViewController.swift; sourceTree = "<group>"; };
		1466DB351E54196B0036652A /* KDCircularProgress.swift */ = {isa = PBXFileReference; fileEncoding = 4; lastKnownFileType = sourcecode.swift; path = KDCircularProgress.swift; sourceTree = "<group>"; };
		14C606BA1E4DE97F00FEB1CB /* NewToDoCreateViewController.swift */ = {isa = PBXFileReference; fileEncoding = 4; lastKnownFileType = sourcecode.swift; name = NewToDoCreateViewController.swift; path = RPlaner/NewToDoCreateViewController.swift; sourceTree = "<group>"; };
		14C606BC1E4DF20500FEB1CB /* ToDoListViewController.swift */ = {isa = PBXFileReference; fileEncoding = 4; lastKnownFileType = sourcecode.swift; name = ToDoListViewController.swift; path = RPlaner/ToDoListViewController.swift; sourceTree = "<group>"; };
		14C606BE1E4DF22000FEB1CB /* ToDoListViewCell.swift */ = {isa = PBXFileReference; fileEncoding = 4; lastKnownFileType = sourcecode.swift; name = ToDoListViewCell.swift; path = RPlaner/ToDoListViewCell.swift; sourceTree = "<group>"; };
		14CA75831E4DC61E008D96D7 /* ToDo.swift */ = {isa = PBXFileReference; fileEncoding = 4; lastKnownFileType = sourcecode.swift; name = ToDo.swift; path = RPlaner/ToDo.swift; sourceTree = "<group>"; };
		14CA75851E4DC631008D96D7 /* ToDoList.swift */ = {isa = PBXFileReference; fileEncoding = 4; lastKnownFileType = sourcecode.swift; name = ToDoList.swift; path = RPlaner/ToDoList.swift; sourceTree = "<group>"; };
		87F418B57C35AD4D18C5F3A9 /* Pods_RPlaner.framework */ = {isa = PBXFileReference; explicitFileType = wrapper.framework; includeInIndex = 0; path = Pods_RPlaner.framework; sourceTree = BUILT_PRODUCTS_DIR; };
		DE2139225A4F675E6AEC4B42 /* Pods-RPlaner.debug.xcconfig */ = {isa = PBXFileReference; includeInIndex = 1; lastKnownFileType = text.xcconfig; name = "Pods-RPlaner.debug.xcconfig"; path = "Pods/Target Support Files/Pods-RPlaner/Pods-RPlaner.debug.xcconfig"; sourceTree = "<group>"; };
		EFD5EBC657BCFF24931CFB2B /* Pods-RPlaner.release.xcconfig */ = {isa = PBXFileReference; includeInIndex = 1; lastKnownFileType = text.xcconfig; name = "Pods-RPlaner.release.xcconfig"; path = "Pods/Target Support Files/Pods-RPlaner/Pods-RPlaner.release.xcconfig"; sourceTree = "<group>"; };
/* End PBXFileReference section */

/* Begin PBXFrameworksBuildPhase section */
		144CD0FB1E4DC57E00479D13 /* Frameworks */ = {
			isa = PBXFrameworksBuildPhase;
			buildActionMask = 2147483647;
			files = (
				5D17BA4EF94BCA4D5EB26DA6 /* Pods_RPlaner.framework in Frameworks */,
			);
			runOnlyForDeploymentPostprocessing = 0;
		};
/* End PBXFrameworksBuildPhase section */

/* Begin PBXGroup section */
		144967E91E52F4B400F9542C /* Model */ = {
			isa = PBXGroup;
			children = (
				14CA75831E4DC61E008D96D7 /* ToDo.swift */,
				14CA75851E4DC631008D96D7 /* ToDoList.swift */,
			);
			name = Model;
			sourceTree = "<group>";
		};
		144967EA1E52F4BF00F9542C /* View */ = {
			isa = PBXGroup;
			children = (
				144CD1051E4DC57E00479D13 /* Main.storyboard */,
				144CD10A1E4DC57E00479D13 /* LaunchScreen.storyboard */,
				144CD1081E4DC57E00479D13 /* Assets.xcassets */,
			);
			name = View;
			sourceTree = "<group>";
		};
		144967EB1E52F4CD00F9542C /* Controller */ = {
			isa = PBXGroup;
			children = (
				14C606BA1E4DE97F00FEB1CB /* NewToDoCreateViewController.swift */,
				14C606BC1E4DF20500FEB1CB /* ToDoListViewController.swift */,
				143A40A91E4DFD160026A70D /* PickToDoViewController.swift */,
				145CACFE1E5197F000B4014A /* ToDoDetailViewController.swift */,
			);
			name = Controller;
			sourceTree = "<group>";
		};
		144967ED1E52F4ED00F9542C /* Cell */ = {
			isa = PBXGroup;
			children = (
				14C606BE1E4DF22000FEB1CB /* ToDoListViewCell.swift */,
			);
			name = Cell;
			sourceTree = "<group>";
		};
		144CD0F51E4DC57E00479D13 = {
			isa = PBXGroup;
			children = (
				1427481D1E556F7800C192B8 /* Timer.swift */,
				1466DB351E54196B0036652A /* KDCircularProgress.swift */,
				144967EA1E52F4BF00F9542C /* View */,
				144967ED1E52F4ED00F9542C /* Cell */,
				144967EB1E52F4CD00F9542C /* Controller */,
				4B4CE2A81E35AF9F918D9313 /* Frameworks */,
				144967E91E52F4B400F9542C /* Model */,
				1584A8F876E8FA928C0E06DA /* Pods */,
				144CD0FF1E4DC57E00479D13 /* Products */,
				144CD1001E4DC57E00479D13 /* RPlaner */,
			);
			sourceTree = "<group>";
		};
		144CD0FF1E4DC57E00479D13 /* Products */ = {
			isa = PBXGroup;
			children = (
				144CD0FE1E4DC57E00479D13 /* RPlaner.app */,
			);
			name = Products;
			sourceTree = "<group>";
		};
		144CD1001E4DC57E00479D13 /* RPlaner */ = {
			isa = PBXGroup;
			children = (
				144CD1011E4DC57E00479D13 /* AppDelegate.swift */,
				144CD10D1E4DC57E00479D13 /* Info.plist */,
			);
			path = RPlaner;
			sourceTree = "<group>";
		};
		1584A8F876E8FA928C0E06DA /* Pods */ = {
			isa = PBXGroup;
			children = (
				DE2139225A4F675E6AEC4B42 /* Pods-RPlaner.debug.xcconfig */,
				EFD5EBC657BCFF24931CFB2B /* Pods-RPlaner.release.xcconfig */,
			);
			name = Pods;
			sourceTree = "<group>";
		};
		4B4CE2A81E35AF9F918D9313 /* Frameworks */ = {
			isa = PBXGroup;
			children = (
				87F418B57C35AD4D18C5F3A9 /* Pods_RPlaner.framework */,
			);
			name = Frameworks;
			sourceTree = "<group>";
		};
/* End PBXGroup section */

/* Begin PBXNativeTarget section */
		144CD0FD1E4DC57E00479D13 /* RPlaner */ = {
			isa = PBXNativeTarget;
			buildConfigurationList = 144CD1101E4DC57E00479D13 /* Build configuration list for PBXNativeTarget "RPlaner" */;
			buildPhases = (
				28D78BA8FB4621D814CC8128 /* [CP] Check Pods Manifest.lock */,
				144CD0FA1E4DC57E00479D13 /* Sources */,
				144CD0FB1E4DC57E00479D13 /* Frameworks */,
				144CD0FC1E4DC57E00479D13 /* Resources */,
				D1697209A80CC7455597A257 /* [CP] Embed Pods Frameworks */,
				5258422C30BB906C4B016357 /* [CP] Copy Pods Resources */,
			);
			buildRules = (
			);
			dependencies = (
			);
			name = RPlaner;
			productName = RPlaner;
			productReference = 144CD0FE1E4DC57E00479D13 /* RPlaner.app */;
			productType = "com.apple.product-type.application";
		};
/* End PBXNativeTarget section */

/* Begin PBXProject section */
		144CD0F61E4DC57E00479D13 /* Project object */ = {
			isa = PBXProject;
			attributes = {
				LastSwiftUpdateCheck = 0820;
				LastUpgradeCheck = 0820;
				ORGANIZATIONNAME = Zedd;
				TargetAttributes = {
					144CD0FD1E4DC57E00479D13 = {
						CreatedOnToolsVersion = 8.2;
						DevelopmentTeam = T8A579Y9HW;
						ProvisioningStyle = Automatic;
					};
				};
			};
			buildConfigurationList = 144CD0F91E4DC57E00479D13 /* Build configuration list for PBXProject "RPlaner" */;
			compatibilityVersion = "Xcode 3.2";
			developmentRegion = English;
			hasScannedForEncodings = 0;
			knownRegions = (
				en,
				Base,
			);
			mainGroup = 144CD0F51E4DC57E00479D13;
			productRefGroup = 144CD0FF1E4DC57E00479D13 /* Products */;
			projectDirPath = "";
			projectRoot = "";
			targets = (
				144CD0FD1E4DC57E00479D13 /* RPlaner */,
			);
		};
/* End PBXProject section */

/* Begin PBXResourcesBuildPhase section */
		144CD0FC1E4DC57E00479D13 /* Resources */ = {
			isa = PBXResourcesBuildPhase;
			buildActionMask = 2147483647;
			files = (
				144CD10C1E4DC57E00479D13 /* LaunchScreen.storyboard in Resources */,
				144CD1091E4DC57E00479D13 /* Assets.xcassets in Resources */,
				144CD1071E4DC57E00479D13 /* Main.storyboard in Resources */,
			);
			runOnlyForDeploymentPostprocessing = 0;
		};
/* End PBXResourcesBuildPhase section */

/* Begin PBXShellScriptBuildPhase section */
		28D78BA8FB4621D814CC8128 /* [CP] Check Pods Manifest.lock */ = {
			isa = PBXShellScriptBuildPhase;
			buildActionMask = 2147483647;
			files = (
			);
			inputPaths = (
			);
			name = "[CP] Check Pods Manifest.lock";
			outputPaths = (
			);
			runOnlyForDeploymentPostprocessing = 0;
			shellPath = /bin/sh;
			shellScript = "diff \"${PODS_ROOT}/../Podfile.lock\" \"${PODS_ROOT}/Manifest.lock\" > /dev/null\nif [ $? != 0 ] ; then\n    # print error to STDERR\n    echo \"error: The sandbox is not in sync with the Podfile.lock. Run 'pod install' or update your CocoaPods installation.\" >&2\n    exit 1\nfi\n";
			showEnvVarsInLog = 0;
		};
		5258422C30BB906C4B016357 /* [CP] Copy Pods Resources */ = {
			isa = PBXShellScriptBuildPhase;
			buildActionMask = 2147483647;
			files = (
			);
			inputPaths = (
			);
			name = "[CP] Copy Pods Resources";
			outputPaths = (
			);
			runOnlyForDeploymentPostprocessing = 0;
			shellPath = /bin/sh;
			shellScript = "\"${SRCROOT}/Pods/Target Support Files/Pods-RPlaner/Pods-RPlaner-resources.sh\"\n";
			showEnvVarsInLog = 0;
		};
		D1697209A80CC7455597A257 /* [CP] Embed Pods Frameworks */ = {
			isa = PBXShellScriptBuildPhase;
			buildActionMask = 2147483647;
			files = (
			);
			inputPaths = (
			);
			name = "[CP] Embed Pods Frameworks";
			outputPaths = (
			);
			runOnlyForDeploymentPostprocessing = 0;
			shellPath = /bin/sh;
			shellScript = "\"${SRCROOT}/Pods/Target Support Files/Pods-RPlaner/Pods-RPlaner-frameworks.sh\"\n";
			showEnvVarsInLog = 0;
		};
/* End PBXShellScriptBuildPhase section */

/* Begin PBXSourcesBuildPhase section */
		144CD0FA1E4DC57E00479D13 /* Sources */ = {
			isa = PBXSourcesBuildPhase;
			buildActionMask = 2147483647;
			files = (
				14CA75841E4DC61E008D96D7 /* ToDo.swift in Sources */,
				14C606BB1E4DE97F00FEB1CB /* NewToDoCreateViewController.swift in Sources */,
				145CACFF1E5197F000B4014A /* ToDoDetailViewController.swift in Sources */,
				1427481E1E556F7800C192B8 /* Timer.swift in Sources */,
				143A40AA1E4DFD160026A70D /* PickToDoViewController.swift in Sources */,
				144CD1021E4DC57E00479D13 /* AppDelegate.swift in Sources */,
				14C606BF1E4DF22000FEB1CB /* ToDoListViewCell.swift in Sources */,
				14C606BD1E4DF20500FEB1CB /* ToDoListViewController.swift in Sources */,
				1466DB361E54196B0036652A /* KDCircularProgress.swift in Sources */,
				14CA75861E4DC631008D96D7 /* ToDoList.swift in Sources */,
			);
			runOnlyForDeploymentPostprocessing = 0;
		};
/* End PBXSourcesBuildPhase section */

/* Begin PBXVariantGroup section */
		144CD1051E4DC57E00479D13 /* Main.storyboard */ = {
			isa = PBXVariantGroup;
			children = (
				144CD1061E4DC57E00479D13 /* Base */,
			);
			name = Main.storyboard;
			path = RPlaner;
			sourceTree = "<group>";
		};
		144CD10A1E4DC57E00479D13 /* LaunchScreen.storyboard */ = {
			isa = PBXVariantGroup;
			children = (
				144CD10B1E4DC57E00479D13 /* Base */,
			);
			name = LaunchScreen.storyboard;
			path = RPlaner;
			sourceTree = "<group>";
		};
/* End PBXVariantGroup section */

/* Begin XCBuildConfiguration section */
		144CD10E1E4DC57E00479D13 /* Debug */ = {
			isa = XCBuildConfiguration;
			buildSettings = {
				ALWAYS_SEARCH_USER_PATHS = NO;
				CLANG_ANALYZER_NONNULL = YES;
				CLANG_CXX_LANGUAGE_STANDARD = "gnu++0x";
				CLANG_CXX_LIBRARY = "libc++";
				CLANG_ENABLE_MODULES = YES;
				CLANG_ENABLE_OBJC_ARC = YES;
				CLANG_WARN_BOOL_CONVERSION = YES;
				CLANG_WARN_CONSTANT_CONVERSION = YES;
				CLANG_WARN_DIRECT_OBJC_ISA_USAGE = YES_ERROR;
				CLANG_WARN_DOCUMENTATION_COMMENTS = YES;
				CLANG_WARN_EMPTY_BODY = YES;
				CLANG_WARN_ENUM_CONVERSION = YES;
				CLANG_WARN_INFINITE_RECURSION = YES;
				CLANG_WARN_INT_CONVERSION = YES;
				CLANG_WARN_OBJC_ROOT_CLASS = YES_ERROR;
				CLANG_WARN_SUSPICIOUS_MOVE = YES;
				CLANG_WARN_UNREACHABLE_CODE = YES;
				CLANG_WARN__DUPLICATE_METHOD_MATCH = YES;
				"CODE_SIGN_IDENTITY[sdk=iphoneos*]" = "iPhone Developer";
				COPY_PHASE_STRIP = NO;
				DEBUG_INFORMATION_FORMAT = dwarf;
				ENABLE_STRICT_OBJC_MSGSEND = YES;
				ENABLE_TESTABILITY = YES;
				GCC_C_LANGUAGE_STANDARD = gnu99;
				GCC_DYNAMIC_NO_PIC = NO;
				GCC_NO_COMMON_BLOCKS = YES;
				GCC_OPTIMIZATION_LEVEL = 0;
				GCC_PREPROCESSOR_DEFINITIONS = (
					"DEBUG=1",
					"$(inherited)",
				);
				GCC_WARN_64_TO_32_BIT_CONVERSION = YES;
				GCC_WARN_ABOUT_RETURN_TYPE = YES_ERROR;
				GCC_WARN_UNDECLARED_SELECTOR = YES;
				GCC_WARN_UNINITIALIZED_AUTOS = YES_AGGRESSIVE;
				GCC_WARN_UNUSED_FUNCTION = YES;
				GCC_WARN_UNUSED_VARIABLE = YES;
				IPHONEOS_DEPLOYMENT_TARGET = 10.2;
				MTL_ENABLE_DEBUG_INFO = YES;
				ONLY_ACTIVE_ARCH = YES;
				SDKROOT = iphoneos;
				SWIFT_ACTIVE_COMPILATION_CONDITIONS = DEBUG;
				SWIFT_OPTIMIZATION_LEVEL = "-Onone";
			};
			name = Debug;
		};
		144CD10F1E4DC57E00479D13 /* Release */ = {
			isa = XCBuildConfiguration;
			buildSettings = {
				ALWAYS_SEARCH_USER_PATHS = NO;
				CLANG_ANALYZER_NONNULL = YES;
				CLANG_CXX_LANGUAGE_STANDARD = "gnu++0x";
				CLANG_CXX_LIBRARY = "libc++";
				CLANG_ENABLE_MODULES = YES;
				CLANG_ENABLE_OBJC_ARC = YES;
				CLANG_WARN_BOOL_CONVERSION = YES;
				CLANG_WARN_CONSTANT_CONVERSION = YES;
				CLANG_WARN_DIRECT_OBJC_ISA_USAGE = YES_ERROR;
				CLANG_WARN_DOCUMENTATION_COMMENTS = YES;
				CLANG_WARN_EMPTY_BODY = YES;
				CLANG_WARN_ENUM_CONVERSION = YES;
				CLANG_WARN_INFINITE_RECURSION = YES;
				CLANG_WARN_INT_CONVERSION = YES;
				CLANG_WARN_OBJC_ROOT_CLASS = YES_ERROR;
				CLANG_WARN_SUSPICIOUS_MOVE = YES;
				CLANG_WARN_UNREACHABLE_CODE = YES;
				CLANG_WARN__DUPLICATE_METHOD_MATCH = YES;
				"CODE_SIGN_IDENTITY[sdk=iphoneos*]" = "iPhone Developer";
				COPY_PHASE_STRIP = NO;
				DEBUG_INFORMATION_FORMAT = "dwarf-with-dsym";
				ENABLE_NS_ASSERTIONS = NO;
				ENABLE_STRICT_OBJC_MSGSEND = YES;
				GCC_C_LANGUAGE_STANDARD = gnu99;
				GCC_NO_COMMON_BLOCKS = YES;
				GCC_WARN_64_TO_32_BIT_CONVERSION = YES;
				GCC_WARN_ABOUT_RETURN_TYPE = YES_ERROR;
				GCC_WARN_UNDECLARED_SELECTOR = YES;
				GCC_WARN_UNINITIALIZED_AUTOS = YES_AGGRESSIVE;
				GCC_WARN_UNUSED_FUNCTION = YES;
				GCC_WARN_UNUSED_VARIABLE = YES;
				IPHONEOS_DEPLOYMENT_TARGET = 10.2;
				MTL_ENABLE_DEBUG_INFO = NO;
				SDKROOT = iphoneos;
				SWIFT_OPTIMIZATION_LEVEL = "-Owholemodule";
				VALIDATE_PRODUCT = YES;
			};
			name = Release;
		};
		144CD1111E4DC57E00479D13 /* Debug */ = {
			isa = XCBuildConfiguration;
			baseConfigurationReference = DE2139225A4F675E6AEC4B42 /* Pods-RPlaner.debug.xcconfig */;
			buildSettings = {
				ASSETCATALOG_COMPILER_APPICON_NAME = AppIcon;
				DEVELOPMENT_TEAM = T8A579Y9HW;
				INFOPLIST_FILE = RPlaner/Info.plist;
				LD_RUNPATH_SEARCH_PATHS = "$(inherited) @executable_path/Frameworks";
				PRODUCT_BUNDLE_IDENTIFIER = Zedd.RPlaner;
				PRODUCT_NAME = "$(TARGET_NAME)";
				SWIFT_VERSION = 3.0;
			};
			name = Debug;
		};
		144CD1121E4DC57E00479D13 /* Release */ = {
			isa = XCBuildConfiguration;
			baseConfigurationReference = EFD5EBC657BCFF24931CFB2B /* Pods-RPlaner.release.xcconfig */;
			buildSettings = {
				ASSETCATALOG_COMPILER_APPICON_NAME = AppIcon;
				DEVELOPMENT_TEAM = T8A579Y9HW;
				INFOPLIST_FILE = RPlaner/Info.plist;
				LD_RUNPATH_SEARCH_PATHS = "$(inherited) @executable_path/Frameworks";
				PRODUCT_BUNDLE_IDENTIFIER = Zedd.RPlaner;
				PRODUCT_NAME = "$(TARGET_NAME)";
				SWIFT_VERSION = 3.0;
			};
			name = Release;
		};
/* End XCBuildConfiguration section */

/* Begin XCConfigurationList section */
		144CD0F91E4DC57E00479D13 /* Build configuration list for PBXProject "RPlaner" */ = {
			isa = XCConfigurationList;
			buildConfigurations = (
				144CD10E1E4DC57E00479D13 /* Debug */,
				144CD10F1E4DC57E00479D13 /* Release */,
			);
			defaultConfigurationIsVisible = 0;
			defaultConfigurationName = Release;
		};
		144CD1101E4DC57E00479D13 /* Build configuration list for PBXNativeTarget "RPlaner" */ = {
			isa = XCConfigurationList;
			buildConfigurations = (
				144CD1111E4DC57E00479D13 /* Debug */,
				144CD1121E4DC57E00479D13 /* Release */,
			);
			defaultConfigurationIsVisible = 0;
			defaultConfigurationName = Release;
		};
/* End XCConfigurationList section */
	};
	rootObject = 144CD0F61E4DC57E00479D13 /* Project object */;
}
